
Microsoft Visual Studio Solution File, Format Version 12.00
# Visual Studio Version 17
VisualStudioVersion = 17.8.34330.188
MinimumVisualStudioVersion = 10.0.40219.1
Project("{8BC9CEB8-8B4A-11D0-8D11-00A0C91BC942}") = "OpenGL Engine Test", "OpenGL Engine Test\OpenGL Engine Test.vcxproj", "{04086AAF-8089-4940-914F-A4132DF707BF}"
EndProject
Global
	GlobalSection(SolutionConfigurationPlatforms) = preSolution
		Debug|x64 = Debug|x64
		Debug|x86 = Debug|x86
		Release|x64 = Release|x64
		Release|x86 = Release|x86
	EndGlobalSection
	GlobalSection(ProjectConfigurationPlatforms) = postSolution
		{04086AAF-8089-4940-914F-A4132DF707BF}.Debug|x64.ActiveCfg = Debug|x64
		{04086AAF-8089-4940-914F-A4132DF707BF}.Debug|x64.Build.0 = Debug|x64
		{04086AAF-8089-4940-914F-A4132DF707BF}.Debug|x86.ActiveCfg = Debug|Win32
		{04086AAF-8089-4940-914F-A4132DF707BF}.Debug|x86.Build.0 = Debug|Win32
		{04086AAF-8089-4940-914F-A4132DF707BF}.Release|x64.ActiveCfg = Release|x64
		{04086AAF-8089-4940-914F-A4132DF707BF}.Release|x64.Build.0 = Release|x64
		{04086AAF-8089-4940-914F-A4132DF707BF}.Release|x86.ActiveCfg = Release|Win32
		{04086AAF-8089-4940-914F-A4132DF707BF}.Release|x86.Build.0 = Release|Win32
	EndGlobalSection
	GlobalSection(SolutionProperties) = preSolution
		HideSolutionNode = FALSE
	EndGlobalSection
	GlobalSection(ExtensibilityGlobals) = postSolution
		SolutionGuid = {804B52FD-49D5-45A5-B4F2-1CA6E9F1E17A}
	EndGlobalSection
EndGlobal
